# THIS IS AN AUTOGENERATED FILE. DO NOT EDIT THIS FILE DIRECTLY.
# yarn lockfile v1


jquery@^3.4.0:
  version "3.4.1"
  resolved "https://registry.yarnpkg.com/jquery/-/jquery-3.4.1.tgz#714f1f8d9dde4bdfa55764ba37ef214630d80ef2"
  integrity sha512-36+AdBzCL+y6qjw5Tx7HgzeGCzC81MDDgaUP8ld2zhx58HdqXGoBd+tHdrBMiyjGQs0Hxs/MLZTu/eHNJJuWPw==

js-cookie@^2.2.0:
  version "2.2.1"
  resolved "https://registry.yarnpkg.com/js-cookie/-/js-cookie-2.2.1.tgz#69e106dc5d5806894562902aa5baec3744e9b2b8"
  integrity sha512-HvdH2LzI/EAZcUwA8+0nKNtWHqS+ZmijLA30RwZA0bo7ToCckjK5MkGhjED9KoRcXO6BaGI3I9UIzSA1FKFPOQ==

shepherd.js@^6.0.0-beta:
  version "6.0.0-beta.1"
  resolved "https://registry.yarnpkg.com/shepherd.js/-/shepherd.js-6.0.0-beta.1.tgz#1309663c58bb5cfd10beb6fd79e133b9b4ca2fc0"
  integrity sha512-VDOFwMr11hEPFEd9Tg19dmOTHEjUAFeA/K+FhoQS+J6qm/T3MRm9h09yOj9Wnnaj9P4RFKSaZoAZjfDtV/K1yQ==
  dependencies:
    smoothscroll-polyfill "^0.4.4"
    tether "^2.0.0-beta.3"

smoothscroll-polyfill@^0.4.4:
  version "0.4.4"
  resolved "https://registry.yarnpkg.com/smoothscroll-polyfill/-/smoothscroll-polyfill-0.4.4.tgz#3a259131dc6930e6ca80003e1cb03b603b69abf8"
  integrity sha512-TK5ZA9U5RqCwMpfoMq/l1mrH0JAR7y7KRvOBx0n2869aLxch+gT9GhN3yUfjiw+d/DiF1mKo14+hd62JyMmoBg==

tether@^2.0.0-beta.3:
  version "2.0.0-beta.3"
  resolved "https://registry.yarnpkg.com/tether/-/tether-2.0.0-beta.3.tgz#36d1e72c838c004a500a10631e35483f2b62bc66"
  integrity sha512-tNuKSA1Cp33DN0L+XKkFLwd5PgD2GGsroIjzi1cBP8e2IRzD3UC5EcGEISFd/QR6YmA/rFu0Z+F4A8x4zbW2Pw==
