# THIS IS AN AUTOGENERATED FILE. DO NOT EDIT THIS FILE DIRECTLY.
# yarn lockfile v1


element-matches@^0.1.2:
  version "0.1.2"
  resolved "https://registry.yarnpkg.com/element-matches/-/element-matches-0.1.2.tgz#7345cb71e965bd2b12f725e524591c102198361a"
  integrity sha512-yWh1otcs3OKUWDvu/IxyI36ZI3WNaRZlI0uG/DK6fu0pap0VYZ0J5pEGTk1zakme+hT0OKHwhlHc0N5TJhY6yQ==

jquery@^3.4.0:
  version "3.4.1"
  resolved "https://registry.yarnpkg.com/jquery/-/jquery-3.4.1.tgz#714f1f8d9dde4bdfa55764ba37ef214630d80ef2"
  integrity sha512-36+AdBzCL+y6qjw5Tx7HgzeGCzC81MDDgaUP8ld2zhx58HdqXGoBd+tHdrBMiyjGQs0Hxs/MLZTu/eHNJJuWPw==

js-cookie@^2.2.0:
  version "2.2.0"
  resolved "https://registry.yarnpkg.com/js-cookie/-/js-cookie-2.2.0.tgz#1b2c279a6eece380a12168b92485265b35b1effb"
  integrity sha1-Gywnmm7s44ChIWi5JIUmWzWx7/s=

lodash-es@^4.17.11:
  version "4.17.11"
  resolved "https://registry.yarnpkg.com/lodash-es/-/lodash-es-4.17.11.tgz#145ab4a7ac5c5e52a3531fb4f310255a152b4be0"
  integrity sha512-DHb1ub+rMjjrxqlB3H56/6MXtm1lSksDp2rA2cNWjG8mlDUYFhUj3Di2Zn5IwSU87xLv8tNIQ7sSwE/YOX/D/Q==

popper.js@^1.14.7:
  version "1.14.7"
  resolved "https://registry.yarnpkg.com/popper.js/-/popper.js-1.14.7.tgz#e31ec06cfac6a97a53280c3e55e4e0c860e7738e"
  integrity sha512-4q1hNvoUre/8srWsH7hnoSJ5xVmIL4qgz+s4qf2TnJIMyZFUFMGH+9vE7mXynAlHSZ/NdTmmow86muD0myUkVQ==

shepherd.js@^2.5.0:
  version "2.5.0"
  resolved "https://registry.yarnpkg.com/shepherd.js/-/shepherd.js-2.5.0.tgz#c8fdc1fbaff55f1e021c930178d0e2b1cea7a7e3"
  integrity sha512-DesuIO0wqlCWP6tWU/g5Qt//OfapVEamnvLBWwCBUB/AbrPtWomngi7MJmmkulTJGQz8F6FGnc3TSXK6bM9cOA==
  dependencies:
    element-matches "^0.1.2"
    lodash-es "^4.17.11"
    popper.js "^1.14.7"
    tippy.js "^4.0.1"

tippy.js@^4.0.1:
  version "4.2.0"
  resolved "https://registry.yarnpkg.com/tippy.js/-/tippy.js-4.2.0.tgz#68387485cbc5d30ad5416bb01a20e63548898145"
  integrity sha512-+WZRGtpIusZeJdZB2W5/rmOsT+6t3ASiQP0gln/OW1c+Goc6lx4vf+3i3KAJO875y7Vc1hGmFgyAMHor/eISBQ==
  dependencies:
    popper.js "^1.14.7"
